
Microsoft Visual Studio Solution File, Format Version 12.00
# Visual Studio Version 17
VisualStudioVersion = 17.8.34316.72
MinimumVisualStudioVersion = 10.0.40219.1
Project("{FAE04EC0-301F-11D3-BF4B-00C04F79EFBC}") = "BilgeAdam_Hava_Yollari", "BilgeAdam_Hava_Yollari\BilgeAdam_Hava_Yollari.csproj", "{2124BE64-A568-4AC3-9EFA-4D2370A68108}"
EndProject
Global
	GlobalSection(SolutionConfigurationPlatforms) = preSolution
		Debug|Any CPU = Debug|Any CPU
		Release|Any CPU = Release|Any CPU
	EndGlobalSection
	GlobalSection(ProjectConfigurationPlatforms) = postSolution
		{2124BE64-A568-4AC3-9EFA-4D2370A68108}.Debug|Any CPU.ActiveCfg = Debug|Any CPU
		{2124BE64-A568-4AC3-9EFA-4D2370A68108}.Debug|Any CPU.Build.0 = Debug|Any CPU
		{2124BE64-A568-4AC3-9EFA-4D2370A68108}.Release|Any CPU.ActiveCfg = Release|Any CPU
		{2124BE64-A568-4AC3-9EFA-4D2370A68108}.Release|Any CPU.Build.0 = Release|Any CPU
	EndGlobalSection
	GlobalSection(SolutionProperties) = preSolution
		HideSolutionNode = FALSE
	EndGlobalSection
	GlobalSection(ExtensibilityGlobals) = postSolution
		SolutionGuid = {1209F413-2A50-4C92-8FB3-F0A05D53FB6D}
	EndGlobalSection
EndGlobal
